<?xml version="1.0" encoding="utf-8"?>
<Project ToolsVersion="4.0" xmlns="http://schemas.microsoft.com/developer/msbuild/2003">
  <ItemGroup>
    <ClCompile Include="pch.cpp" />
    <ClCompile Include="Player.cpp" />
    <ClCompile Include="Recorder.cpp" />
    <ClCompile Include="Foundation.cpp" />
    <ClCompile Include="InputReceiver.cpp" />
    <ClCompile Include="Image.cpp" />
    <ClCompile Include="GraphicsCapture.cpp" />
  </ItemGroup>
  <ItemGroup>
    <ClInclude Include="pch.h" />
    <ClInclude Include="MouseReplayer.h" />
  </ItemGroup>
  <ItemGroup>
    <FxCompile Include="copy.hlsl" />
  </ItemGroup>
</Project>