<?xml version="1.0" encoding="utf-8"?>
<Project ToolsVersion="4.0" xmlns="http://schemas.microsoft.com/developer/msbuild/2003">
  <ItemGroup>
    <ClCompile Include="pch.cpp" />
    <ClCompile Include="Graphics\mrWindowsGraphicsCapture.cpp">
      <Filter>Graphics</Filter>
    </ClCompile>
    <ClCompile Include="Graphics\mrGfxFoundation.cpp">
      <Filter>Graphics</Filter>
    </ClCompile>
    <ClCompile Include="Graphics\mrDesktopDuplication.cpp">
      <Filter>Graphics</Filter>
    </ClCompile>
    <ClCompile Include="Graphics\mrGDI.cpp">
      <Filter>Graphics</Filter>
    </ClCompile>
    <ClCompile Include="Graphics\mrGfxInterface.cpp">
      <Filter>Graphics</Filter>
    </ClCompile>
    <ClCompile Include="Graphics\Shaders\mrFilter.cpp">
      <Filter>Graphics\Shaders</Filter>
    </ClCompile>
    <ClCompile Include="Graphics\Shaders\mrReducer.cpp">
      <Filter>Graphics\Shaders</Filter>
    </ClCompile>
    <ClCompile Include="Input\mrInputReceiver.cpp">
      <Filter>Input</Filter>
    </ClCompile>
    <ClCompile Include="Input\mrPlayer.cpp">
      <Filter>Input</Filter>
    </ClCompile>
    <ClCompile Include="Input\mrRecorder.cpp">
      <Filter>Input</Filter>
    </ClCompile>
    <ClCompile Include="Foundation\mrFoundation.cpp">
      <Filter>Foundation</Filter>
    </ClCompile>
    <ClCompile Include="Graphics\mrScreenMatcher.cpp">
      <Filter>Graphics</Filter>
    </ClCompile>
    <ClCompile Include="Graphics\mrScreenCapture.cpp">
      <Filter>Graphics</Filter>
    </ClCompile>
    <ClCompile Include="Graphics\mrFilterSet.cpp">
      <Filter>Graphics</Filter>
    </ClCompile>
    <ClCompile Include="Input\mrInput.cpp">
      <Filter>Input</Filter>
    </ClCompile>
  </ItemGroup>
  <ItemGroup>
    <ClInclude Include="pch.h" />
    <ClInclude Include="mrInternal.h" />
    <ClInclude Include="Graphics\mrGfxFoundation.h">
      <Filter>Graphics</Filter>
    </ClInclude>
    <ClInclude Include="Graphics\mrScreenCapture.h">
      <Filter>Graphics</Filter>
    </ClInclude>
    <ClInclude Include="Graphics\mrShader.h">
      <Filter>Graphics</Filter>
    </ClInclude>
    <ClInclude Include="Marionette.h" />
    <ClInclude Include="Foundation\mrRefPtr.h">
      <Filter>Foundation</Filter>
    </ClInclude>
    <ClInclude Include="Foundation\mrHalf.h">
      <Filter>Foundation</Filter>
    </ClInclude>
    <ClInclude Include="Foundation\mrVector.h">
      <Filter>Foundation</Filter>
    </ClInclude>
    <ClInclude Include="mrInput.h" />
    <ClInclude Include="mrGfx.h" />
    <ClInclude Include="mrFoundation.h" />
  </ItemGroup>
  <ItemGroup>
    <FxCompile Include="Graphics\Shaders\TemplateMatch_Grayscale.hlsl">
      <Filter>Graphics\Shaders</Filter>
    </FxCompile>
    <FxCompile Include="Graphics\Shaders\Transform.hlsl">
      <Filter>Graphics\Shaders</Filter>
    </FxCompile>
    <FxCompile Include="Graphics\Shaders\TemplateMatch_Binary.hlsl">
      <Filter>Graphics\Shaders</Filter>
    </FxCompile>
    <FxCompile Include="Graphics\Shaders\Contour.hlsl">
      <Filter>Graphics\Shaders</Filter>
    </FxCompile>
    <FxCompile Include="Graphics\Shaders\Binarize.hlsl">
      <Filter>Graphics\Shaders</Filter>
    </FxCompile>
    <FxCompile Include="Graphics\Shaders\Reduce_Common.hlsl">
      <Filter>Graphics\Shaders</Filter>
    </FxCompile>
    <FxCompile Include="Graphics\Shaders\ReduceCountBits.hlsl">
      <Filter>Graphics\Shaders</Filter>
    </FxCompile>
    <FxCompile Include="Graphics\Shaders\ReduceCountBits_Pass1.hlsl">
      <Filter>Graphics\Shaders</Filter>
    </FxCompile>
    <FxCompile Include="Graphics\Shaders\ReduceCountBits_Pass2.hlsl">
      <Filter>Graphics\Shaders</Filter>
    </FxCompile>
    <FxCompile Include="Graphics\Shaders\ReduceTotal.hlsl">
      <Filter>Graphics\Shaders</Filter>
    </FxCompile>
    <FxCompile Include="Graphics\Shaders\ReduceTotal_FPass1.hlsl">
      <Filter>Graphics\Shaders</Filter>
    </FxCompile>
    <FxCompile Include="Graphics\Shaders\ReduceTotal_FPass2.hlsl">
      <Filter>Graphics\Shaders</Filter>
    </FxCompile>
    <FxCompile Include="Graphics\Shaders\ReduceTotal_IPass1.hlsl">
      <Filter>Graphics\Shaders</Filter>
    </FxCompile>
    <FxCompile Include="Graphics\Shaders\ReduceTotal_IPass2.hlsl">
      <Filter>Graphics\Shaders</Filter>
    </FxCompile>
    <FxCompile Include="Graphics\Shaders\ReduceMinMax.hlsl">
      <Filter>Graphics\Shaders</Filter>
    </FxCompile>
    <FxCompile Include="Graphics\Shaders\ReduceMinMax_FPass1.hlsl">
      <Filter>Graphics\Shaders</Filter>
    </FxCompile>
    <FxCompile Include="Graphics\Shaders\ReduceMinMax_FPass2.hlsl">
      <Filter>Graphics\Shaders</Filter>
    </FxCompile>
    <FxCompile Include="Graphics\Shaders\ReduceMinMax_IPass2.hlsl">
      <Filter>Graphics\Shaders</Filter>
    </FxCompile>
    <FxCompile Include="Graphics\Shaders\ReduceMinMax_IPass1.hlsl">
      <Filter>Graphics\Shaders</Filter>
    </FxCompile>
    <FxCompile Include="Graphics\Shaders\Normalize_I.hlsl">
      <Filter>Graphics\Shaders</Filter>
    </FxCompile>
    <FxCompile Include="Graphics\Shaders\Normalize_F.hlsl">
      <Filter>Graphics\Shaders</Filter>
    </FxCompile>
    <FxCompile Include="Graphics\Shaders\Expand_Binary.hlsl">
      <Filter>Graphics\Shaders</Filter>
    </FxCompile>
    <FxCompile Include="Graphics\Shaders\Expand_Grayscale.hlsl">
      <Filter>Graphics\Shaders</Filter>
    </FxCompile>
    <FxCompile Include="Graphics\Shaders\Shape.hlsl">
      <Filter>Graphics\Shaders</Filter>
    </FxCompile>
    <FxCompile Include="Graphics\Shaders\Bias.hlsl">
      <Filter>Graphics\Shaders</Filter>
    </FxCompile>
  </ItemGroup>
  <ItemGroup>
    <Filter Include="Graphics">
      <UniqueIdentifier>{cf3070b8-3440-48ce-8e51-4bef8e1ab038}</UniqueIdentifier>
    </Filter>
    <Filter Include="Graphics\Shaders">
      <UniqueIdentifier>{7a3881a4-5473-4dcc-a5ff-02ccb17e7431}</UniqueIdentifier>
    </Filter>
    <Filter Include="Input">
      <UniqueIdentifier>{437fd796-f056-4952-9632-ebcda044a490}</UniqueIdentifier>
    </Filter>
    <Filter Include="Foundation">
      <UniqueIdentifier>{365800e5-0189-4f9a-8bc8-1ad25abf1f6c}</UniqueIdentifier>
    </Filter>
  </ItemGroup>
</Project>