<?xml version="1.0" encoding="utf-8"?>
<Project ToolsVersion="4.0" xmlns="http://schemas.microsoft.com/developer/msbuild/2003">
  <ItemGroup>
    <ClCompile Include="pch.cpp" />
    <ClCompile Include="Player.cpp" />
    <ClCompile Include="Recorder.cpp" />
    <ClCompile Include="Foundation.cpp" />
    <ClCompile Include="InputReceiver.cpp" />
    <ClCompile Include="Graphics\Image.cpp">
      <Filter>Graphics</Filter>
    </ClCompile>
    <ClCompile Include="Graphics\WindowsGraphicsCapture.cpp">
      <Filter>Graphics</Filter>
    </ClCompile>
  </ItemGroup>
  <ItemGroup>
    <ClInclude Include="pch.h" />
    <ClInclude Include="MouseReplayer.h" />
    <ClInclude Include="Graphics\Compute.h">
      <Filter>Graphics</Filter>
    </ClInclude>
    <ClInclude Include="Internal.h" />
  </ItemGroup>
  <ItemGroup>
    <FxCompile Include="Graphics\Shaders\MatchGrayscale.hlsl">
      <Filter>Graphics\Shaders</Filter>
    </FxCompile>
    <FxCompile Include="Graphics\Shaders\Copy.hlsl">
      <Filter>Graphics\Shaders</Filter>
    </FxCompile>
    <FxCompile Include="Graphics\Shaders\MatchBinary.hlsl">
      <Filter>Graphics\Shaders</Filter>
    </FxCompile>
    <FxCompile Include="Graphics\Shaders\Contour.hlsl">
      <Filter>Graphics\Shaders</Filter>
    </FxCompile>
    <FxCompile Include="Graphics\Shaders\ReduceMinMax_Pass1.hlsl">
      <Filter>Graphics\Shaders</Filter>
    </FxCompile>
    <FxCompile Include="Graphics\Shaders\ReduceMinMax_Pass2.hlsl">
      <Filter>Graphics\Shaders</Filter>
    </FxCompile>
    <FxCompile Include="Graphics\Shaders\ReduceMinMax.hlsl">
      <Filter>Graphics\Shaders</Filter>
    </FxCompile>
  </ItemGroup>
  <ItemGroup>
    <Filter Include="Graphics">
      <UniqueIdentifier>{cf3070b8-3440-48ce-8e51-4bef8e1ab038}</UniqueIdentifier>
    </Filter>
    <Filter Include="Graphics\Shaders">
      <UniqueIdentifier>{7a3881a4-5473-4dcc-a5ff-02ccb17e7431}</UniqueIdentifier>
    </Filter>
  </ItemGroup>
</Project>